
Microsoft Visual Studio Solution File, Format Version 12.00
# Visual Studio Version 17
VisualStudioVersion = 17.8.34322.80
MinimumVisualStudioVersion = 10.0.40219.1
Project("{9A19103F-16F7-4668-BE54-9A1E7A4F7556}") = "01", "1\01.csproj", "{D8BA51E7-C22C-410B-8158-D380D6878637}"
EndProject
Project("{9A19103F-16F7-4668-BE54-9A1E7A4F7556}") = "02", "2\02.csproj", "{57F6D334-EE49-43ED-B5EF-DD261D46DB26}"
EndProject
Project("{9A19103F-16F7-4668-BE54-9A1E7A4F7556}") = "03", "3\03.csproj", "{6E373D57-1E7A-4EEF-BB26-D83F2711CCAB}"
EndProject
Project("{9A19103F-16F7-4668-BE54-9A1E7A4F7556}") = "04", "4\04.csproj", "{F74515B8-66F5-4422-B57D-B05ACC8D146C}"
EndProject
Project("{9A19103F-16F7-4668-BE54-9A1E7A4F7556}") = "05", "5\05.csproj", "{104A0E56-1123-4FAA-8897-539ACD20AC10}"
EndProject
Project("{9A19103F-16F7-4668-BE54-9A1E7A4F7556}") = "06", "6\06.csproj", "{E478E7B8-3EE5-4776-9EF4-1450E3378DF4}"
EndProject
Project("{9A19103F-16F7-4668-BE54-9A1E7A4F7556}") = "Utils", "Utils\Utils.csproj", "{A05C2233-C8C6-4E67-9C5E-1B8321C0B1F4}"
EndProject
Project("{9A19103F-16F7-4668-BE54-9A1E7A4F7556}") = "07", "7\07.csproj", "{C027F094-0F70-402F-8F79-6EA8DB9BDC24}"
EndProject
Project("{9A19103F-16F7-4668-BE54-9A1E7A4F7556}") = "08", "8\08.csproj", "{4762923F-9446-4545-9670-64FA45DDCF85}"
EndProject
Project("{9A19103F-16F7-4668-BE54-9A1E7A4F7556}") = "09", "9\09.csproj", "{4662E80E-37AE-4090-B897-B2A81201F0B0}"
EndProject
Project("{9A19103F-16F7-4668-BE54-9A1E7A4F7556}") = "10", "10\10.csproj", "{8D87A9F4-621B-400A-8901-CD6B0A4260FC}"
EndProject
Project("{9A19103F-16F7-4668-BE54-9A1E7A4F7556}") = "11", "11\11.csproj", "{7136E374-220D-4333-B1DC-C26C5306EA0C}"
EndProject
Project("{FAE04EC0-301F-11D3-BF4B-00C04F79EFBC}") = "12", "12\12.csproj", "{54547D97-4255-4E6F-A218-2095618359FF}"
EndProject
Global
	GlobalSection(SolutionConfigurationPlatforms) = preSolution
		Debug|Any CPU = Debug|Any CPU
		Release|Any CPU = Release|Any CPU
	EndGlobalSection
	GlobalSection(ProjectConfigurationPlatforms) = postSolution
		{D8BA51E7-C22C-410B-8158-D380D6878637}.Debug|Any CPU.ActiveCfg = Debug|Any CPU
		{D8BA51E7-C22C-410B-8158-D380D6878637}.Debug|Any CPU.Build.0 = Debug|Any CPU
		{D8BA51E7-C22C-410B-8158-D380D6878637}.Release|Any CPU.ActiveCfg = Release|Any CPU
		{D8BA51E7-C22C-410B-8158-D380D6878637}.Release|Any CPU.Build.0 = Release|Any CPU
		{57F6D334-EE49-43ED-B5EF-DD261D46DB26}.Debug|Any CPU.ActiveCfg = Debug|Any CPU
		{57F6D334-EE49-43ED-B5EF-DD261D46DB26}.Debug|Any CPU.Build.0 = Debug|Any CPU
		{57F6D334-EE49-43ED-B5EF-DD261D46DB26}.Release|Any CPU.ActiveCfg = Release|Any CPU
		{57F6D334-EE49-43ED-B5EF-DD261D46DB26}.Release|Any CPU.Build.0 = Release|Any CPU
		{6E373D57-1E7A-4EEF-BB26-D83F2711CCAB}.Debug|Any CPU.ActiveCfg = Debug|Any CPU
		{6E373D57-1E7A-4EEF-BB26-D83F2711CCAB}.Debug|Any CPU.Build.0 = Debug|Any CPU
		{6E373D57-1E7A-4EEF-BB26-D83F2711CCAB}.Release|Any CPU.ActiveCfg = Release|Any CPU
		{6E373D57-1E7A-4EEF-BB26-D83F2711CCAB}.Release|Any CPU.Build.0 = Release|Any CPU
		{F74515B8-66F5-4422-B57D-B05ACC8D146C}.Debug|Any CPU.ActiveCfg = Debug|Any CPU
		{F74515B8-66F5-4422-B57D-B05ACC8D146C}.Debug|Any CPU.Build.0 = Debug|Any CPU
		{F74515B8-66F5-4422-B57D-B05ACC8D146C}.Release|Any CPU.ActiveCfg = Release|Any CPU
		{F74515B8-66F5-4422-B57D-B05ACC8D146C}.Release|Any CPU.Build.0 = Release|Any CPU
		{104A0E56-1123-4FAA-8897-539ACD20AC10}.Debug|Any CPU.ActiveCfg = Debug|Any CPU
		{104A0E56-1123-4FAA-8897-539ACD20AC10}.Debug|Any CPU.Build.0 = Debug|Any CPU
		{104A0E56-1123-4FAA-8897-539ACD20AC10}.Release|Any CPU.ActiveCfg = Release|Any CPU
		{104A0E56-1123-4FAA-8897-539ACD20AC10}.Release|Any CPU.Build.0 = Release|Any CPU
		{E478E7B8-3EE5-4776-9EF4-1450E3378DF4}.Debug|Any CPU.ActiveCfg = Debug|Any CPU
		{E478E7B8-3EE5-4776-9EF4-1450E3378DF4}.Debug|Any CPU.Build.0 = Debug|Any CPU
		{E478E7B8-3EE5-4776-9EF4-1450E3378DF4}.Release|Any CPU.ActiveCfg = Release|Any CPU
		{E478E7B8-3EE5-4776-9EF4-1450E3378DF4}.Release|Any CPU.Build.0 = Release|Any CPU
		{A05C2233-C8C6-4E67-9C5E-1B8321C0B1F4}.Debug|Any CPU.ActiveCfg = Debug|Any CPU
		{A05C2233-C8C6-4E67-9C5E-1B8321C0B1F4}.Debug|Any CPU.Build.0 = Debug|Any CPU
		{A05C2233-C8C6-4E67-9C5E-1B8321C0B1F4}.Release|Any CPU.ActiveCfg = Release|Any CPU
		{A05C2233-C8C6-4E67-9C5E-1B8321C0B1F4}.Release|Any CPU.Build.0 = Release|Any CPU
		{C027F094-0F70-402F-8F79-6EA8DB9BDC24}.Debug|Any CPU.ActiveCfg = Debug|Any CPU
		{C027F094-0F70-402F-8F79-6EA8DB9BDC24}.Debug|Any CPU.Build.0 = Debug|Any CPU
		{C027F094-0F70-402F-8F79-6EA8DB9BDC24}.Release|Any CPU.ActiveCfg = Release|Any CPU
		{C027F094-0F70-402F-8F79-6EA8DB9BDC24}.Release|Any CPU.Build.0 = Release|Any CPU
		{4762923F-9446-4545-9670-64FA45DDCF85}.Debug|Any CPU.ActiveCfg = Debug|Any CPU
		{4762923F-9446-4545-9670-64FA45DDCF85}.Debug|Any CPU.Build.0 = Debug|Any CPU
		{4762923F-9446-4545-9670-64FA45DDCF85}.Release|Any CPU.ActiveCfg = Release|Any CPU
		{4762923F-9446-4545-9670-64FA45DDCF85}.Release|Any CPU.Build.0 = Release|Any CPU
		{4662E80E-37AE-4090-B897-B2A81201F0B0}.Debug|Any CPU.ActiveCfg = Debug|Any CPU
		{4662E80E-37AE-4090-B897-B2A81201F0B0}.Debug|Any CPU.Build.0 = Debug|Any CPU
		{4662E80E-37AE-4090-B897-B2A81201F0B0}.Release|Any CPU.ActiveCfg = Release|Any CPU
		{4662E80E-37AE-4090-B897-B2A81201F0B0}.Release|Any CPU.Build.0 = Release|Any CPU
		{8D87A9F4-621B-400A-8901-CD6B0A4260FC}.Debug|Any CPU.ActiveCfg = Debug|Any CPU
		{8D87A9F4-621B-400A-8901-CD6B0A4260FC}.Debug|Any CPU.Build.0 = Debug|Any CPU
		{8D87A9F4-621B-400A-8901-CD6B0A4260FC}.Release|Any CPU.ActiveCfg = Release|Any CPU
		{8D87A9F4-621B-400A-8901-CD6B0A4260FC}.Release|Any CPU.Build.0 = Release|Any CPU
		{7136E374-220D-4333-B1DC-C26C5306EA0C}.Debug|Any CPU.ActiveCfg = Debug|Any CPU
		{7136E374-220D-4333-B1DC-C26C5306EA0C}.Debug|Any CPU.Build.0 = Debug|Any CPU
		{7136E374-220D-4333-B1DC-C26C5306EA0C}.Release|Any CPU.ActiveCfg = Release|Any CPU
		{7136E374-220D-4333-B1DC-C26C5306EA0C}.Release|Any CPU.Build.0 = Release|Any CPU
		{54547D97-4255-4E6F-A218-2095618359FF}.Debug|Any CPU.ActiveCfg = Debug|Any CPU
		{54547D97-4255-4E6F-A218-2095618359FF}.Debug|Any CPU.Build.0 = Debug|Any CPU
		{54547D97-4255-4E6F-A218-2095618359FF}.Release|Any CPU.ActiveCfg = Release|Any CPU
		{54547D97-4255-4E6F-A218-2095618359FF}.Release|Any CPU.Build.0 = Release|Any CPU
	EndGlobalSection
	GlobalSection(SolutionProperties) = preSolution
		HideSolutionNode = FALSE
	EndGlobalSection
	GlobalSection(ExtensibilityGlobals) = postSolution
		SolutionGuid = {A94A036D-9244-417D-AAEF-858F4D80BE31}
	EndGlobalSection
EndGlobal
