
Microsoft Visual Studio Solution File, Format Version 12.00
# Visual Studio Version 17
VisualStudioVersion = 17.8.34322.80
MinimumVisualStudioVersion = 10.0.40219.1
Project("{9A19103F-16F7-4668-BE54-9A1E7A4F7556}") = "01", "01\01.csproj", "{D8BA51E7-C22C-410B-8158-D380D6878637}"
EndProject
Project("{FAE04EC0-301F-11D3-BF4B-00C04F79EFBC}") = "Utils", "Utils\Utils.csproj", "{32C179D0-17D7-49B8-A196-C9960584A821}"
EndProject
Project("{FAE04EC0-301F-11D3-BF4B-00C04F79EFBC}") = "02", "02\02.csproj", "{53B02328-EDE2-4D4B-A332-4572D53F5957}"
EndProject
Project("{FAE04EC0-301F-11D3-BF4B-00C04F79EFBC}") = "03", "03\03.csproj", "{64B3B105-7B95-4C5E-932D-6981D90319EE}"
EndProject
Project("{FAE04EC0-301F-11D3-BF4B-00C04F79EFBC}") = "04", "04\04.csproj", "{46084077-D719-4F15-B189-69C144D7915F}"
EndProject
Project("{FAE04EC0-301F-11D3-BF4B-00C04F79EFBC}") = "05", "05\05.csproj", "{C373A9D6-B6B7-45FC-8B55-3029DF0F25EF}"
EndProject
Project("{FAE04EC0-301F-11D3-BF4B-00C04F79EFBC}") = "06", "06\06.csproj", "{02752FE6-38B4-4A93-900D-442CC913A3DA}"
EndProject
Project("{FAE04EC0-301F-11D3-BF4B-00C04F79EFBC}") = "07", "07\07.csproj", "{5869A77B-8FEE-4D5C-B418-C26CEDA2FB9A}"
EndProject
Project("{FAE04EC0-301F-11D3-BF4B-00C04F79EFBC}") = "08", "08\08.csproj", "{0E8F932D-0083-406C-8912-29A6F6BC94FD}"
EndProject
Project("{FAE04EC0-301F-11D3-BF4B-00C04F79EFBC}") = "09", "09\09.csproj", "{A9B9FAE9-07D8-40E7-BC39-1B6A3BFAA884}"
EndProject
Project("{FAE04EC0-301F-11D3-BF4B-00C04F79EFBC}") = "10", "10\10.csproj", "{263A2F0A-69A6-45ED-9F8F-74A1F6029907}"
EndProject
Project("{FAE04EC0-301F-11D3-BF4B-00C04F79EFBC}") = "11", "11\11.csproj", "{A67AE882-F26C-4992-ADB8-DB6A0EEDEF1E}"
EndProject
Project("{FAE04EC0-301F-11D3-BF4B-00C04F79EFBC}") = "12", "12\12.csproj", "{DA269142-2A0E-455D-BFF9-96094977FE66}"
EndProject
Project("{FAE04EC0-301F-11D3-BF4B-00C04F79EFBC}") = "13", "13\13.csproj", "{0590C467-D0CC-4D50-B1B6-0BA69A67B865}"
EndProject
Project("{FAE04EC0-301F-11D3-BF4B-00C04F79EFBC}") = "14", "14\14.csproj", "{C5156EFB-DB03-4ECD-BDF5-E421CE2C9E8F}"
EndProject
Project("{FAE04EC0-301F-11D3-BF4B-00C04F79EFBC}") = "15", "15\15.csproj", "{65047037-3DB1-4733-8749-B122F91A0CA4}"
EndProject
Project("{FAE04EC0-301F-11D3-BF4B-00C04F79EFBC}") = "16", "16\16.csproj", "{B0CAE288-3589-42DF-935A-CB3078464005}"
EndProject
Project("{FAE04EC0-301F-11D3-BF4B-00C04F79EFBC}") = "17", "17\17.csproj", "{3303182A-3457-496F-95B7-0A9B521B96B7}"
EndProject
Project("{FAE04EC0-301F-11D3-BF4B-00C04F79EFBC}") = "18", "18\18.csproj", "{530BCAD2-BE97-4C0F-B9EC-0598239497CE}"
EndProject
Global
	GlobalSection(SolutionConfigurationPlatforms) = preSolution
		Debug|Any CPU = Debug|Any CPU
		Release|Any CPU = Release|Any CPU
	EndGlobalSection
	GlobalSection(ProjectConfigurationPlatforms) = postSolution
		{D8BA51E7-C22C-410B-8158-D380D6878637}.Debug|Any CPU.ActiveCfg = Debug|Any CPU
		{D8BA51E7-C22C-410B-8158-D380D6878637}.Debug|Any CPU.Build.0 = Debug|Any CPU
		{D8BA51E7-C22C-410B-8158-D380D6878637}.Release|Any CPU.ActiveCfg = Release|Any CPU
		{D8BA51E7-C22C-410B-8158-D380D6878637}.Release|Any CPU.Build.0 = Release|Any CPU
		{32C179D0-17D7-49B8-A196-C9960584A821}.Debug|Any CPU.ActiveCfg = Debug|Any CPU
		{32C179D0-17D7-49B8-A196-C9960584A821}.Debug|Any CPU.Build.0 = Debug|Any CPU
		{32C179D0-17D7-49B8-A196-C9960584A821}.Release|Any CPU.ActiveCfg = Release|Any CPU
		{32C179D0-17D7-49B8-A196-C9960584A821}.Release|Any CPU.Build.0 = Release|Any CPU
		{53B02328-EDE2-4D4B-A332-4572D53F5957}.Debug|Any CPU.ActiveCfg = Debug|Any CPU
		{53B02328-EDE2-4D4B-A332-4572D53F5957}.Debug|Any CPU.Build.0 = Debug|Any CPU
		{53B02328-EDE2-4D4B-A332-4572D53F5957}.Release|Any CPU.ActiveCfg = Release|Any CPU
		{53B02328-EDE2-4D4B-A332-4572D53F5957}.Release|Any CPU.Build.0 = Release|Any CPU
		{64B3B105-7B95-4C5E-932D-6981D90319EE}.Debug|Any CPU.ActiveCfg = Debug|Any CPU
		{64B3B105-7B95-4C5E-932D-6981D90319EE}.Debug|Any CPU.Build.0 = Debug|Any CPU
		{64B3B105-7B95-4C5E-932D-6981D90319EE}.Release|Any CPU.ActiveCfg = Release|Any CPU
		{64B3B105-7B95-4C5E-932D-6981D90319EE}.Release|Any CPU.Build.0 = Release|Any CPU
		{46084077-D719-4F15-B189-69C144D7915F}.Debug|Any CPU.ActiveCfg = Debug|Any CPU
		{46084077-D719-4F15-B189-69C144D7915F}.Debug|Any CPU.Build.0 = Debug|Any CPU
		{46084077-D719-4F15-B189-69C144D7915F}.Release|Any CPU.ActiveCfg = Release|Any CPU
		{46084077-D719-4F15-B189-69C144D7915F}.Release|Any CPU.Build.0 = Release|Any CPU
		{C373A9D6-B6B7-45FC-8B55-3029DF0F25EF}.Debug|Any CPU.ActiveCfg = Debug|Any CPU
		{C373A9D6-B6B7-45FC-8B55-3029DF0F25EF}.Debug|Any CPU.Build.0 = Debug|Any CPU
		{C373A9D6-B6B7-45FC-8B55-3029DF0F25EF}.Release|Any CPU.ActiveCfg = Release|Any CPU
		{C373A9D6-B6B7-45FC-8B55-3029DF0F25EF}.Release|Any CPU.Build.0 = Release|Any CPU
		{02752FE6-38B4-4A93-900D-442CC913A3DA}.Debug|Any CPU.ActiveCfg = Debug|Any CPU
		{02752FE6-38B4-4A93-900D-442CC913A3DA}.Debug|Any CPU.Build.0 = Debug|Any CPU
		{02752FE6-38B4-4A93-900D-442CC913A3DA}.Release|Any CPU.ActiveCfg = Release|Any CPU
		{02752FE6-38B4-4A93-900D-442CC913A3DA}.Release|Any CPU.Build.0 = Release|Any CPU
		{5869A77B-8FEE-4D5C-B418-C26CEDA2FB9A}.Debug|Any CPU.ActiveCfg = Debug|Any CPU
		{5869A77B-8FEE-4D5C-B418-C26CEDA2FB9A}.Debug|Any CPU.Build.0 = Debug|Any CPU
		{5869A77B-8FEE-4D5C-B418-C26CEDA2FB9A}.Release|Any CPU.ActiveCfg = Release|Any CPU
		{5869A77B-8FEE-4D5C-B418-C26CEDA2FB9A}.Release|Any CPU.Build.0 = Release|Any CPU
		{0E8F932D-0083-406C-8912-29A6F6BC94FD}.Debug|Any CPU.ActiveCfg = Debug|Any CPU
		{0E8F932D-0083-406C-8912-29A6F6BC94FD}.Debug|Any CPU.Build.0 = Debug|Any CPU
		{0E8F932D-0083-406C-8912-29A6F6BC94FD}.Release|Any CPU.ActiveCfg = Release|Any CPU
		{0E8F932D-0083-406C-8912-29A6F6BC94FD}.Release|Any CPU.Build.0 = Release|Any CPU
		{A9B9FAE9-07D8-40E7-BC39-1B6A3BFAA884}.Debug|Any CPU.ActiveCfg = Debug|Any CPU
		{A9B9FAE9-07D8-40E7-BC39-1B6A3BFAA884}.Debug|Any CPU.Build.0 = Debug|Any CPU
		{A9B9FAE9-07D8-40E7-BC39-1B6A3BFAA884}.Release|Any CPU.ActiveCfg = Release|Any CPU
		{A9B9FAE9-07D8-40E7-BC39-1B6A3BFAA884}.Release|Any CPU.Build.0 = Release|Any CPU
		{263A2F0A-69A6-45ED-9F8F-74A1F6029907}.Debug|Any CPU.ActiveCfg = Debug|Any CPU
		{263A2F0A-69A6-45ED-9F8F-74A1F6029907}.Debug|Any CPU.Build.0 = Debug|Any CPU
		{263A2F0A-69A6-45ED-9F8F-74A1F6029907}.Release|Any CPU.ActiveCfg = Release|Any CPU
		{263A2F0A-69A6-45ED-9F8F-74A1F6029907}.Release|Any CPU.Build.0 = Release|Any CPU
		{A67AE882-F26C-4992-ADB8-DB6A0EEDEF1E}.Debug|Any CPU.ActiveCfg = Debug|Any CPU
		{A67AE882-F26C-4992-ADB8-DB6A0EEDEF1E}.Debug|Any CPU.Build.0 = Debug|Any CPU
		{A67AE882-F26C-4992-ADB8-DB6A0EEDEF1E}.Release|Any CPU.ActiveCfg = Release|Any CPU
		{A67AE882-F26C-4992-ADB8-DB6A0EEDEF1E}.Release|Any CPU.Build.0 = Release|Any CPU
		{DA269142-2A0E-455D-BFF9-96094977FE66}.Debug|Any CPU.ActiveCfg = Debug|Any CPU
		{DA269142-2A0E-455D-BFF9-96094977FE66}.Debug|Any CPU.Build.0 = Debug|Any CPU
		{DA269142-2A0E-455D-BFF9-96094977FE66}.Release|Any CPU.ActiveCfg = Release|Any CPU
		{DA269142-2A0E-455D-BFF9-96094977FE66}.Release|Any CPU.Build.0 = Release|Any CPU
		{0590C467-D0CC-4D50-B1B6-0BA69A67B865}.Debug|Any CPU.ActiveCfg = Debug|Any CPU
		{0590C467-D0CC-4D50-B1B6-0BA69A67B865}.Debug|Any CPU.Build.0 = Debug|Any CPU
		{0590C467-D0CC-4D50-B1B6-0BA69A67B865}.Release|Any CPU.ActiveCfg = Release|Any CPU
		{0590C467-D0CC-4D50-B1B6-0BA69A67B865}.Release|Any CPU.Build.0 = Release|Any CPU
		{C5156EFB-DB03-4ECD-BDF5-E421CE2C9E8F}.Debug|Any CPU.ActiveCfg = Debug|Any CPU
		{C5156EFB-DB03-4ECD-BDF5-E421CE2C9E8F}.Debug|Any CPU.Build.0 = Debug|Any CPU
		{C5156EFB-DB03-4ECD-BDF5-E421CE2C9E8F}.Release|Any CPU.ActiveCfg = Release|Any CPU
		{C5156EFB-DB03-4ECD-BDF5-E421CE2C9E8F}.Release|Any CPU.Build.0 = Release|Any CPU
		{65047037-3DB1-4733-8749-B122F91A0CA4}.Debug|Any CPU.ActiveCfg = Debug|Any CPU
		{65047037-3DB1-4733-8749-B122F91A0CA4}.Debug|Any CPU.Build.0 = Debug|Any CPU
		{65047037-3DB1-4733-8749-B122F91A0CA4}.Release|Any CPU.ActiveCfg = Release|Any CPU
		{65047037-3DB1-4733-8749-B122F91A0CA4}.Release|Any CPU.Build.0 = Release|Any CPU
		{B0CAE288-3589-42DF-935A-CB3078464005}.Debug|Any CPU.ActiveCfg = Debug|Any CPU
		{B0CAE288-3589-42DF-935A-CB3078464005}.Debug|Any CPU.Build.0 = Debug|Any CPU
		{B0CAE288-3589-42DF-935A-CB3078464005}.Release|Any CPU.ActiveCfg = Release|Any CPU
		{B0CAE288-3589-42DF-935A-CB3078464005}.Release|Any CPU.Build.0 = Release|Any CPU
		{3303182A-3457-496F-95B7-0A9B521B96B7}.Debug|Any CPU.ActiveCfg = Debug|Any CPU
		{3303182A-3457-496F-95B7-0A9B521B96B7}.Debug|Any CPU.Build.0 = Debug|Any CPU
		{3303182A-3457-496F-95B7-0A9B521B96B7}.Release|Any CPU.ActiveCfg = Release|Any CPU
		{3303182A-3457-496F-95B7-0A9B521B96B7}.Release|Any CPU.Build.0 = Release|Any CPU
		{530BCAD2-BE97-4C0F-B9EC-0598239497CE}.Debug|Any CPU.ActiveCfg = Debug|Any CPU
		{530BCAD2-BE97-4C0F-B9EC-0598239497CE}.Debug|Any CPU.Build.0 = Debug|Any CPU
		{530BCAD2-BE97-4C0F-B9EC-0598239497CE}.Release|Any CPU.ActiveCfg = Release|Any CPU
		{530BCAD2-BE97-4C0F-B9EC-0598239497CE}.Release|Any CPU.Build.0 = Release|Any CPU
	EndGlobalSection
	GlobalSection(SolutionProperties) = preSolution
		HideSolutionNode = FALSE
	EndGlobalSection
	GlobalSection(ExtensibilityGlobals) = postSolution
		SolutionGuid = {A94A036D-9244-417D-AAEF-858F4D80BE31}
	EndGlobalSection
EndGlobal
